{
    "version": 3,
    "terraform_version": "0.7.10",
    "serial": 2,
    "lineage": "818332d1-e870-4bd6-94c3-0b4b81da9606",
    "modules": [
        {
            "path": [
                "root"
            ],
            "outputs": {},
            "resources": {
                "aws_autoscaling_group.armory-spinnaker-asg": {
                    "type": "aws_autoscaling_group",
                    "depends_on": [
                        "aws_elb.armory_spinnaker_elb",
                        "aws_launch_configuration.armory_spinnaker_lc"
                    ],
                    "primary": {
                        "id": "armory-spinnaker-asg",
                        "attributes": {
                            "arn": "arn:aws:autoscaling:us-west-2:515116089304:autoScalingGroup:4d29e905-38e3-4292-8237-a4c0cfd8cda8:autoScalingGroupName/armory-spinnaker-asg",
                            "availability_zones.#": "1",
                            "availability_zones.2487133097": "us-west-2a",
                            "default_cooldown": "300",
                            "desired_capacity": "1",
                            "force_delete": "true",
                            "health_check_grace_period": "300",
                            "health_check_type": "EC2",
                            "id": "armory-spinnaker-asg",
                            "launch_configuration": "armory-spinnaker-lc",
                            "load_balancers.#": "1",
                            "load_balancers.3518258998": "armory-spinnaker-elb",
                            "max_size": "1",
                            "metrics_granularity": "1Minute",
                            "min_size": "1",
                            "name": "armory-spinnaker-asg",
                            "placement_group": "",
                            "protect_from_scale_in": "false",
                            "tag.#": "1",
                            "tag.1585751358.key": "Name",
                            "tag.1585751358.propagate_at_launch": "true",
                            "tag.1585751358.value": "armory-spinnaker-asg",
                            "target_group_arns.#": "0",
                            "termination_policies.#": "0",
                            "vpc_zone_identifier.#": "1",
                            "vpc_zone_identifier.1850818305": "subnet-6c76dd08",
                            "wait_for_capacity_timeout": "10m"
                        },
                        "meta": {},
                        "tainted": false
                    },
                    "deposed": [],
                    "provider": ""
                },
                "aws_elb.armory_spinnaker_elb": {
                    "type": "aws_elb",
                    "depends_on": [
                        "aws_security_group.armory_spinnaker_default",
                        "aws_security_group.armory_spinnaker_web"
                    ],
                    "primary": {
                        "id": "armory-spinnaker-elb",
                        "attributes": {
                            "access_logs.#": "0",
                            "availability_zones.#": "1",
                            "availability_zones.2487133097": "us-west-2a",
                            "connection_draining": "false",
                            "connection_draining_timeout": "300",
                            "cross_zone_load_balancing": "true",
                            "dns_name": "armory-spinnaker-elb-106419951.us-west-2.elb.amazonaws.com",
                            "health_check.#": "1",
                            "health_check.0.healthy_threshold": "2",
                            "health_check.0.interval": "30",
                            "health_check.0.target": "HTTP:9000/",
                            "health_check.0.timeout": "3",
                            "health_check.0.unhealthy_threshold": "2",
                            "id": "armory-spinnaker-elb",
                            "idle_timeout": "60",
                            "instances.#": "0",
                            "internal": "false",
                            "listener.#": "9",
                            "listener.1092403652.instance_port": "8080",
                            "listener.1092403652.instance_protocol": "http",
                            "listener.1092403652.lb_port": "8080",
                            "listener.1092403652.lb_protocol": "http",
                            "listener.1092403652.ssl_certificate_id": "",
                            "listener.1803118927.instance_port": "7002",
                            "listener.1803118927.instance_protocol": "http",
                            "listener.1803118927.lb_port": "7002",
                            "listener.1803118927.lb_protocol": "http",
                            "listener.1803118927.ssl_certificate_id": "",
                            "listener.2242409597.instance_port": "8088",
                            "listener.2242409597.instance_protocol": "http",
                            "listener.2242409597.lb_port": "8088",
                            "listener.2242409597.lb_protocol": "http",
                            "listener.2242409597.ssl_certificate_id": "",
                            "listener.2790310402.instance_port": "8089",
                            "listener.2790310402.instance_protocol": "http",
                            "listener.2790310402.lb_port": "8089",
                            "listener.2790310402.lb_protocol": "http",
                            "listener.2790310402.ssl_certificate_id": "",
                            "listener.2868363961.instance_port": "8087",
                            "listener.2868363961.instance_protocol": "http",
                            "listener.2868363961.lb_port": "8087",
                            "listener.2868363961.lb_protocol": "http",
                            "listener.2868363961.ssl_certificate_id": "",
                            "listener.2905678343.instance_port": "9000",
                            "listener.2905678343.instance_protocol": "http",
                            "listener.2905678343.lb_port": "9000",
                            "listener.2905678343.lb_protocol": "http",
                            "listener.2905678343.ssl_certificate_id": "",
                            "listener.3472758840.instance_port": "8084",
                            "listener.3472758840.instance_protocol": "http",
                            "listener.3472758840.lb_port": "8084",
                            "listener.3472758840.lb_protocol": "http",
                            "listener.3472758840.ssl_certificate_id": "",
                            "listener.3685696437.instance_port": "9000",
                            "listener.3685696437.instance_protocol": "http",
                            "listener.3685696437.lb_port": "80",
                            "listener.3685696437.lb_protocol": "http",
                            "listener.3685696437.ssl_certificate_id": "",
                            "listener.622140229.instance_port": "8083",
                            "listener.622140229.instance_protocol": "http",
                            "listener.622140229.lb_port": "8083",
                            "listener.622140229.lb_protocol": "http",
                            "listener.622140229.ssl_certificate_id": "",
                            "name": "armory-spinnaker-elb",
                            "security_groups.#": "2",
                            "security_groups.2674624933": "sg-10e8e769",
                            "security_groups.3409136382": "sg-13e8e76a",
                            "source_security_group": "515116089304/armory-spinnaker-web",
                            "source_security_group_id": "sg-13e8e76a",
                            "subnets.#": "1",
                            "subnets.1850818305": "subnet-6c76dd08",
                            "tags.%": "0",
                            "zone_id": "Z1H1FL5HABSF5"
                        },
                        "meta": {},
                        "tainted": false
                    },
                    "deposed": [],
                    "provider": ""
                },
                "aws_launch_configuration.armory_spinnaker_lc": {
                    "type": "aws_launch_configuration",
                    "depends_on": [
                        "aws_security_group.armory_spinnaker_default",
                        "data.template_file.armory_spinnaker_ud"
                    ],
                    "primary": {
                        "id": "armory-spinnaker-lc",
                        "attributes": {
                            "associate_public_ip_address": "false",
                            "ebs_block_device.#": "0",
                            "ebs_optimized": "false",
                            "enable_monitoring": "true",
                            "ephemeral_block_device.#": "0",
                            "iam_instance_profile": "BaseIAMRole",
                            "id": "armory-spinnaker-lc",
                            "image_id": "ami-0a9d366a",
                            "instance_type": "m3.2xlarge",
                            "key_name": "spinnaker-05032016",
                            "name": "armory-spinnaker-lc",
                            "root_block_device.#": "0",
                            "security_groups.#": "1",
                            "security_groups.2674624933": "sg-10e8e769",
                            "spot_price": "",
                            "user_data": "8417dabc1ce53256902951840f8514472a90c4fc",
                            "vpc_classic_link_id": "",
                            "vpc_classic_link_security_groups.#": "0"
                        },
                        "meta": {},
                        "tainted": false
                    },
                    "deposed": [],
                    "provider": ""
                },
                "aws_security_group.armory_spinnaker_default": {
                    "type": "aws_security_group",
                    "depends_on": [],
                    "primary": {
                        "id": "sg-10e8e769",
                        "attributes": {
                            "description": "Allows communication between Spinnaker services.",
                            "egress.#": "1",
                            "egress.482069346.cidr_blocks.#": "1",
                            "egress.482069346.cidr_blocks.0": "0.0.0.0/0",
                            "egress.482069346.from_port": "0",
                            "egress.482069346.prefix_list_ids.#": "0",
                            "egress.482069346.protocol": "-1",
                            "egress.482069346.security_groups.#": "0",
                            "egress.482069346.self": "false",
                            "egress.482069346.to_port": "0",
                            "id": "sg-10e8e769",
                            "ingress.#": "1",
                            "ingress.2541437006.cidr_blocks.#": "1",
                            "ingress.2541437006.cidr_blocks.0": "0.0.0.0/0",
                            "ingress.2541437006.from_port": "22",
                            "ingress.2541437006.protocol": "tcp",
                            "ingress.2541437006.security_groups.#": "0",
                            "ingress.2541437006.self": "false",
                            "ingress.2541437006.to_port": "22",
                            "name": "armory-spinnaker-default",
                            "owner_id": "515116089304",
                            "tags.%": "1",
                            "tags.Name": "armory-spinnaker-default",
                            "vpc_id": "vpc-0551fd61"
                        },
                        "meta": {},
                        "tainted": false
                    },
                    "deposed": [],
                    "provider": ""
                },
                "aws_security_group.armory_spinnaker_web": {
                    "type": "aws_security_group",
                    "depends_on": [],
                    "primary": {
                        "id": "sg-13e8e76a",
                        "attributes": {
                            "description": "Allows web traffic to the dashboard.",
                            "egress.#": "1",
                            "egress.482069346.cidr_blocks.#": "1",
                            "egress.482069346.cidr_blocks.0": "0.0.0.0/0",
                            "egress.482069346.from_port": "0",
                            "egress.482069346.prefix_list_ids.#": "0",
                            "egress.482069346.protocol": "-1",
                            "egress.482069346.security_groups.#": "0",
                            "egress.482069346.self": "false",
                            "egress.482069346.to_port": "0",
                            "id": "sg-13e8e76a",
                            "ingress.#": "1",
                            "ingress.2319052179.cidr_blocks.#": "1",
                            "ingress.2319052179.cidr_blocks.0": "0.0.0.0/0",
                            "ingress.2319052179.from_port": "9000",
                            "ingress.2319052179.protocol": "tcp",
                            "ingress.2319052179.security_groups.#": "0",
                            "ingress.2319052179.self": "false",
                            "ingress.2319052179.to_port": "9000",
                            "name": "armory-spinnaker-web",
                            "owner_id": "515116089304",
                            "tags.%": "1",
                            "tags.Name": "armory-spinnaker-web",
                            "vpc_id": "vpc-0551fd61"
                        },
                        "meta": {},
                        "tainted": false
                    },
                    "deposed": [],
                    "provider": ""
                },
                "aws_security_group_rule.armory_spinnaker_default": {
                    "type": "aws_security_group_rule",
                    "depends_on": [
                        "aws_security_group.armory_spinnaker_default"
                    ],
                    "primary": {
                        "id": "sgrule-3248242506",
                        "attributes": {
                            "from_port": "0",
                            "id": "sgrule-3248242506",
                            "protocol": "tcp",
                            "security_group_id": "sg-10e8e769",
                            "self": "false",
                            "source_security_group_id": "sg-10e8e769",
                            "to_port": "65535",
                            "type": "ingress"
                        },
                        "meta": {
                            "schema_version": "2"
                        },
                        "tainted": false
                    },
                    "deposed": [],
                    "provider": ""
                },
                "data.template_file.armory_spinnaker_ud": {
                    "type": "template_file",
                    "depends_on": [],
                    "primary": {
                        "id": "1c2b88af651b2528e2f8b06bb4b8cb6dd478f8b2a19bcfe73cb94cfe863069d6",
                        "attributes": {
                            "id": "1c2b88af651b2528e2f8b06bb4b8cb6dd478f8b2a19bcfe73cb94cfe863069d6",
                            "rendered": "#!/bin/bash\n#wait for other services to come up\necho \"Sleeping for 20 seconds before executing scripts...\"\nsleep 20\n#this is just a hack becase the image (AMI) is created with an overflow, i think\nhostname=$(curl -s http://169.254.169.254/latest/meta-data/public-hostname)\npublic_ip=$(curl -s http://169.254.169.254/latest/meta-data/public-ipv4)\n\ncat \u003c\u003cEOT \u003e /etc/default/armory\nARMORY_S3_BUCKET=armory-spkr\nARMORY_S3_FRONT50_PATH_PREFIX=front50\nAWS_REGION=us-west-2\nHOSTNAME=$hostname\nPUBLIC_IP=$public_ip\nAPI_HOST=http://$hostname:8084\nDECK_HOST=0.0.0.0\nDECK_PORT=9000\nAUTH_ENABLED=false\nSERVER_ADDRESS=0.0.0.0\nSPRING_CONFIG_LOCATION=/opt/spinnaker/config/\nEOT\n\nsource /etc/default/armory\n\nsudo docker-compose -f /application/compose/docker-compose.yml up -d\n",
                            "template": "#!/bin/bash\n#wait for other services to come up\necho \"Sleeping for 20 seconds before executing scripts...\"\nsleep 20\n#this is just a hack becase the image (AMI) is created with an overflow, i think\nhostname=$(curl -s http://169.254.169.254/latest/meta-data/public-hostname)\npublic_ip=$(curl -s http://169.254.169.254/latest/meta-data/public-ipv4)\n\ncat \u003c\u003cEOT \u003e /etc/default/armory\nARMORY_S3_BUCKET=${s3_bucket}\nARMORY_S3_FRONT50_PATH_PREFIX=${s3_front50_path_prefix}\nAWS_REGION=${aws_region}\nHOSTNAME=$hostname\nPUBLIC_IP=$public_ip\nAPI_HOST=http://$hostname:8084\nDECK_HOST=0.0.0.0\nDECK_PORT=9000\nAUTH_ENABLED=false\nSERVER_ADDRESS=0.0.0.0\nSPRING_CONFIG_LOCATION=/opt/spinnaker/config/\nEOT\n\nsource /etc/default/armory\n\nsudo docker-compose -f /application/compose/docker-compose.yml up -d\n",
                            "vars.%": "3",
                            "vars.aws_region": "us-west-2",
                            "vars.s3_bucket": "armory-spkr",
                            "vars.s3_front50_path_prefix": "front50"
                        },
                        "meta": {},
                        "tainted": false
                    },
                    "deposed": [],
                    "provider": ""
                }
            },
            "depends_on": []
        }
    ]
}
